
Microsoft Visual Studio Solution File, Format Version 12.00
Project("{FAE04EC0-301F-11D3-BF4B-00C04F79EFBC}") = "CraftmanshipBlog", "CraftmanshipBlog\CraftmanshipBlog.csproj", "{DB2BFD1E-D6A3-4672-8DE9-975E24E0F0EA}"
EndProject
Global
	GlobalSection(SolutionConfigurationPlatforms) = preSolution
		Debug|Any CPU = Debug|Any CPU
		Release|Any CPU = Release|Any CPU
	EndGlobalSection
	GlobalSection(ProjectConfigurationPlatforms) = postSolution
		{DB2BFD1E-D6A3-4672-8DE9-975E24E0F0EA}.Debug|Any CPU.ActiveCfg = Debug|Any CPU
		{DB2BFD1E-D6A3-4672-8DE9-975E24E0F0EA}.Debug|Any CPU.Build.0 = Debug|Any CPU
		{DB2BFD1E-D6A3-4672-8DE9-975E24E0F0EA}.Release|Any CPU.ActiveCfg = Release|Any CPU
		{DB2BFD1E-D6A3-4672-8DE9-975E24E0F0EA}.Release|Any CPU.Build.0 = Release|Any CPU
	EndGlobalSection
EndGlobal
